<?xml version="1.0" encoding="utf-8"?>
<Project ToolsVersion="4.0" xmlns="http://schemas.microsoft.com/developer/msbuild/2003">
  <ItemGroup>
    <Filter Include="소스 파일">
      <UniqueIdentifier>{4FC737F1-C7A5-4376-A066-2A32D752A2FF}</UniqueIdentifier>
      <Extensions>cpp;c;cc;cxx;c++;cppm;ixx;def;odl;idl;hpj;bat;asm;asmx</Extensions>
    </Filter>
    <Filter Include="헤더 파일">
      <UniqueIdentifier>{93995380-89BD-4b04-88EB-625FBE52EBFB}</UniqueIdentifier>
      <Extensions>h;hh;hpp;hxx;h++;hm;inl;inc;ipp;xsd</Extensions>
    </Filter>
    <Filter Include="리소스 파일">
      <UniqueIdentifier>{67DA6AB6-F800-4c08-8B7A-83BB121AAD01}</UniqueIdentifier>
      <Extensions>rc;ico;cur;bmp;dlg;rc2;rct;bin;rgs;gif;jpg;jpeg;jpe;resx;tiff;tif;png;wav;mfcribbon-ms</Extensions>
    </Filter>
    <Filter Include="소스 파일\01_Tutorial">
      <UniqueIdentifier>{2c59e6d2-96a4-41f1-ba38-84e82c6ec28d}</UniqueIdentifier>
    </Filter>
    <Filter Include="소스 파일\02_Operator">
      <UniqueIdentifier>{415100fb-c7b2-403a-ab20-c5baa6c5c961}</UniqueIdentifier>
    </Filter>
    <Filter Include="소스 파일\03_Branch">
      <UniqueIdentifier>{266e1d26-0799-4140-b76a-ae12b41a6407}</UniqueIdentifier>
    </Filter>
    <Filter Include="소스 파일\04_Iteration">
      <UniqueIdentifier>{d482af94-0e5b-4b3f-b8a9-bf8c91561c28}</UniqueIdentifier>
    </Filter>
    <Filter Include="소스 파일\05_Array">
      <UniqueIdentifier>{59c88ff9-3a32-4397-9fc2-c177b221fca7}</UniqueIdentifier>
    </Filter>
    <Filter Include="소스 파일\06_Function">
      <UniqueIdentifier>{7f68033d-5976-4510-8732-75b727f3d357}</UniqueIdentifier>
    </Filter>
    <Filter Include="소스 파일\07_Header">
      <UniqueIdentifier>{0bace465-23f9-4500-bb73-e4104b410631}</UniqueIdentifier>
    </Filter>
  </ItemGroup>
  <ItemGroup>
    <ClCompile Include="01_Tutorial">
      <Filter>소스 파일\01_Tutorial</Filter>
    </ClCompile>
    <ClCompile Include="01_Operation.c">
      <Filter>소스 파일\02_Operator</Filter>
    </ClCompile>
    <ClCompile Include="02_Boolean.c">
      <Filter>소스 파일\02_Operator</Filter>
    </ClCompile>
    <ClCompile Include="01_If, Switch.c">
      <Filter>소스 파일\03_Branch</Filter>
    </ClCompile>
    <ClCompile Include="01_For.c">
      <Filter>소스 파일\04_Iteration</Filter>
    </ClCompile>
    <ClCompile Include="03_Bit.c">
      <Filter>소스 파일\02_Operator</Filter>
    </ClCompile>
    <ClCompile Include="01_Array.c">
      <Filter>소스 파일\05_Array</Filter>
    </ClCompile>
    <ClCompile Include="02_Array2D.c">
      <Filter>소스 파일\05_Array</Filter>
    </ClCompile>
    <ClCompile Include="01_Function.c">
      <Filter>소스 파일\06_Function</Filter>
    </ClCompile>
    <ClCompile Include="02_Custom.c">
      <Filter>소스 파일\06_Function</Filter>
    </ClCompile>
    <ClCompile Include="01_Header.c">
      <Filter>소스 파일\07_Header</Filter>
    </ClCompile>
    <ClCompile Include="02_Header.c">
      <Filter>소스 파일\07_Header</Filter>
    </ClCompile>
  </ItemGroup>
  <ItemGroup>
    <ClInclude Include="TestHeader.h">
      <Filter>헤더 파일</Filter>
    </ClInclude>
  </ItemGroup>
</Project>